// !$*UTF8*$!
{
	archiveVersion = 1;
	classes = {
	};
	objectVersion = 51;
	objects = {

/* Begin PBXBuildFile section */
		138886CD261F848500BA8155 /* AppDelegate.swift in Sources */ = {isa = PBXBuildFile; fileRef = 138886CC261F848500BA8155 /* AppDelegate.swift */; };
		138886CF261F848500BA8155 /* SceneDelegate.swift in Sources */ = {isa = PBXBuildFile; fileRef = 138886CE261F848500BA8155 /* SceneDelegate.swift */; };
		138886D1261F848500BA8155 /* RegisterViewController.swift in Sources */ = {isa = PBXBuildFile; fileRef = 138886D0261F848500BA8155 /* RegisterViewController.swift */; };
		138886D4261F848500BA8155 /* Main.storyboard in Resources */ = {isa = PBXBuildFile; fileRef = 138886D2261F848500BA8155 /* Main.storyboard */; };
		138886D6261F848900BA8155 /* Assets.xcassets in Resources */ = {isa = PBXBuildFile; fileRef = 138886D5261F848900BA8155 /* Assets.xcassets */; };
		138886D9261F848900BA8155 /* LaunchScreen.storyboard in Resources */ = {isa = PBXBuildFile; fileRef = 138886D7261F848900BA8155 /* LaunchScreen.storyboard */; };
		138886E2261F887200BA8155 /* GoogleService-Info.plist in Resources */ = {isa = PBXBuildFile; fileRef = 138886E1261F887200BA8155 /* GoogleService-Info.plist */; };
		13B458B326207F7F001763C8 /* Constants.swift in Sources */ = {isa = PBXBuildFile; fileRef = 13B458B226207F7F001763C8 /* Constants.swift */; };
		13B458B62620847A001763C8 /* LoginViewController.swift in Sources */ = {isa = PBXBuildFile; fileRef = 13B458B526208479001763C8 /* LoginViewController.swift */; };
		13B458B926208617001763C8 /* HomeViewController.swift in Sources */ = {isa = PBXBuildFile; fileRef = 13B458B826208617001763C8 /* HomeViewController.swift */; };
		13B458BC26208808001763C8 /* ProfileViewController.swift in Sources */ = {isa = PBXBuildFile; fileRef = 13B458BB26208808001763C8 /* ProfileViewController.swift */; };
		13B458F52620B812001763C8 /* TweetTableViewCell.swift in Sources */ = {isa = PBXBuildFile; fileRef = 13B458F42620B812001763C8 /* TweetTableViewCell.swift */; };
		13B458F92620BCA2001763C8 /* Tweet.swift in Sources */ = {isa = PBXBuildFile; fileRef = 13B458F82620BCA2001763C8 /* Tweet.swift */; };
		D73D9B4F2CD1C804F0CCB89A /* Pods_Twitter.framework in Frameworks */ = {isa = PBXBuildFile; fileRef = 869DED5073C6F54AC209553D /* Pods_Twitter.framework */; };
/* End PBXBuildFile section */

/* Begin PBXFileReference section */
		138886C9261F848500BA8155 /* Twitter.app */ = {isa = PBXFileReference; explicitFileType = wrapper.application; includeInIndex = 0; path = Twitter.app; sourceTree = BUILT_PRODUCTS_DIR; };
		138886CC261F848500BA8155 /* AppDelegate.swift */ = {isa = PBXFileReference; lastKnownFileType = sourcecode.swift; path = AppDelegate.swift; sourceTree = "<group>"; };
		138886CE261F848500BA8155 /* SceneDelegate.swift */ = {isa = PBXFileReference; lastKnownFileType = sourcecode.swift; path = SceneDelegate.swift; sourceTree = "<group>"; };
		138886D0261F848500BA8155 /* RegisterViewController.swift */ = {isa = PBXFileReference; lastKnownFileType = sourcecode.swift; path = RegisterViewController.swift; sourceTree = "<group>"; };
		138886D3261F848500BA8155 /* Base */ = {isa = PBXFileReference; lastKnownFileType = file.storyboard; name = Base; path = Base.lproj/Main.storyboard; sourceTree = "<group>"; };
		138886D5261F848900BA8155 /* Assets.xcassets */ = {isa = PBXFileReference; lastKnownFileType = folder.assetcatalog; path = Assets.xcassets; sourceTree = "<group>"; };
		138886D8261F848900BA8155 /* Base */ = {isa = PBXFileReference; lastKnownFileType = file.storyboard; name = Base; path = Base.lproj/LaunchScreen.storyboard; sourceTree = "<group>"; };
		138886DA261F848900BA8155 /* Info.plist */ = {isa = PBXFileReference; lastKnownFileType = text.plist.xml; path = Info.plist; sourceTree = "<group>"; };
		138886E1261F887200BA8155 /* GoogleService-Info.plist */ = {isa = PBXFileReference; fileEncoding = 4; lastKnownFileType = text.plist.xml; name = "GoogleService-Info.plist"; path = "../../../../../Downloads/GoogleService-Info.plist"; sourceTree = "<group>"; };
		13B458B226207F7F001763C8 /* Constants.swift */ = {isa = PBXFileReference; lastKnownFileType = sourcecode.swift; path = Constants.swift; sourceTree = "<group>"; };
		13B458B526208479001763C8 /* LoginViewController.swift */ = {isa = PBXFileReference; lastKnownFileType = sourcecode.swift; path = LoginViewController.swift; sourceTree = "<group>"; };
		13B458B826208617001763C8 /* HomeViewController.swift */ = {isa = PBXFileReference; lastKnownFileType = sourcecode.swift; path = HomeViewController.swift; sourceTree = "<group>"; };
		13B458BB26208808001763C8 /* ProfileViewController.swift */ = {isa = PBXFileReference; lastKnownFileType = sourcecode.swift; path = ProfileViewController.swift; sourceTree = "<group>"; };
		13B458F42620B812001763C8 /* TweetTableViewCell.swift */ = {isa = PBXFileReference; lastKnownFileType = sourcecode.swift; path = TweetTableViewCell.swift; sourceTree = "<group>"; };
		13B458F82620BCA2001763C8 /* Tweet.swift */ = {isa = PBXFileReference; lastKnownFileType = sourcecode.swift; path = Tweet.swift; sourceTree = "<group>"; };
		26B0E9601DB97861F28D2D86 /* Pods-Twitter.debug.xcconfig */ = {isa = PBXFileReference; includeInIndex = 1; lastKnownFileType = text.xcconfig; name = "Pods-Twitter.debug.xcconfig"; path = "Target Support Files/Pods-Twitter/Pods-Twitter.debug.xcconfig"; sourceTree = "<group>"; };
		869DED5073C6F54AC209553D /* Pods_Twitter.framework */ = {isa = PBXFileReference; explicitFileType = wrapper.framework; includeInIndex = 0; path = Pods_Twitter.framework; sourceTree = BUILT_PRODUCTS_DIR; };
		DB38E9CB6ACD24194A88B017 /* Pods-Twitter.release.xcconfig */ = {isa = PBXFileReference; includeInIndex = 1; lastKnownFileType = text.xcconfig; name = "Pods-Twitter.release.xcconfig"; path = "Target Support Files/Pods-Twitter/Pods-Twitter.release.xcconfig"; sourceTree = "<group>"; };
/* End PBXFileReference section */

/* Begin PBXFrameworksBuildPhase section */
		138886C6261F848500BA8155 /* Frameworks */ = {
			isa = PBXFrameworksBuildPhase;
			buildActionMask = 2147483647;
			files = (
				D73D9B4F2CD1C804F0CCB89A /* Pods_Twitter.framework in Frameworks */,
			);
			runOnlyForDeploymentPostprocessing = 0;
		};
/* End PBXFrameworksBuildPhase section */

/* Begin PBXGroup section */
		138886C0261F848500BA8155 = {
			isa = PBXGroup;
			children = (
				138886CB261F848500BA8155 /* Twitter */,
				138886CA261F848500BA8155 /* Products */,
				CD720EB84B497E0673C98443 /* Pods */,
				B8A980D6C749F749DE47DAE7 /* Frameworks */,
			);
			sourceTree = "<group>";
		};
		138886CA261F848500BA8155 /* Products */ = {
			isa = PBXGroup;
			children = (
				138886C9261F848500BA8155 /* Twitter.app */,
			);
			name = Products;
			sourceTree = "<group>";
		};
		138886CB261F848500BA8155 /* Twitter */ = {
			isa = PBXGroup;
			children = (
				138886CC261F848500BA8155 /* AppDelegate.swift */,
				138886CE261F848500BA8155 /* SceneDelegate.swift */,
				138886D0261F848500BA8155 /* RegisterViewController.swift */,
				138886D2261F848500BA8155 /* Main.storyboard */,
				138886D5261F848900BA8155 /* Assets.xcassets */,
				138886D7261F848900BA8155 /* LaunchScreen.storyboard */,
				138886DA261F848900BA8155 /* Info.plist */,
				138886E1261F887200BA8155 /* GoogleService-Info.plist */,
				13B458B226207F7F001763C8 /* Constants.swift */,
				13B458B526208479001763C8 /* LoginViewController.swift */,
				13B458B826208617001763C8 /* HomeViewController.swift */,
				13B458BB26208808001763C8 /* ProfileViewController.swift */,
				13B458F42620B812001763C8 /* TweetTableViewCell.swift */,
				13B458F82620BCA2001763C8 /* Tweet.swift */,
			);
			path = Twitter;
			sourceTree = "<group>";
		};
		B8A980D6C749F749DE47DAE7 /* Frameworks */ = {
			isa = PBXGroup;
			children = (
				869DED5073C6F54AC209553D /* Pods_Twitter.framework */,
			);
			name = Frameworks;
			sourceTree = "<group>";
		};
		CD720EB84B497E0673C98443 /* Pods */ = {
			isa = PBXGroup;
			children = (
				26B0E9601DB97861F28D2D86 /* Pods-Twitter.debug.xcconfig */,
				DB38E9CB6ACD24194A88B017 /* Pods-Twitter.release.xcconfig */,
			);
			path = Pods;
			sourceTree = "<group>";
		};
/* End PBXGroup section */

/* Begin PBXNativeTarget section */
		138886C8261F848500BA8155 /* Twitter */ = {
			isa = PBXNativeTarget;
			buildConfigurationList = 138886DD261F848900BA8155 /* Build configuration list for PBXNativeTarget "Twitter" */;
			buildPhases = (
				EA83A52A5A5EDFFE788212AC /* [CP] Check Pods Manifest.lock */,
				138886C5261F848500BA8155 /* Sources */,
				138886C6261F848500BA8155 /* Frameworks */,
				138886C7261F848500BA8155 /* Resources */,
				41510FE029998E281C671E8E /* [CP] Embed Pods Frameworks */,
			);
			buildRules = (
			);
			dependencies = (
			);
			name = Twitter;
			productName = Twitter;
			productReference = 138886C9261F848500BA8155 /* Twitter.app */;
			productType = "com.apple.product-type.application";
		};
/* End PBXNativeTarget section */

/* Begin PBXProject section */
		138886C1261F848500BA8155 /* Project object */ = {
			isa = PBXProject;
			attributes = {
				LastSwiftUpdateCheck = 1230;
				LastUpgradeCheck = 1230;
				TargetAttributes = {
					138886C8261F848500BA8155 = {
						CreatedOnToolsVersion = 12.3;
					};
				};
			};
			buildConfigurationList = 138886C4261F848500BA8155 /* Build configuration list for PBXProject "Twitter" */;
			compatibilityVersion = "Xcode 9.3";
			developmentRegion = en;
			hasScannedForEncodings = 0;
			knownRegions = (
				en,
				Base,
			);
			mainGroup = 138886C0261F848500BA8155;
			productRefGroup = 138886CA261F848500BA8155 /* Products */;
			projectDirPath = "";
			projectRoot = "";
			targets = (
				138886C8261F848500BA8155 /* Twitter */,
			);
		};
/* End PBXProject section */

/* Begin PBXResourcesBuildPhase section */
		138886C7261F848500BA8155 /* Resources */ = {
			isa = PBXResourcesBuildPhase;
			buildActionMask = 2147483647;
			files = (
				138886D9261F848900BA8155 /* LaunchScreen.storyboard in Resources */,
				138886E2261F887200BA8155 /* GoogleService-Info.plist in Resources */,
				138886D6261F848900BA8155 /* Assets.xcassets in Resources */,
				138886D4261F848500BA8155 /* Main.storyboard in Resources */,
			);
			runOnlyForDeploymentPostprocessing = 0;
		};
/* End PBXResourcesBuildPhase section */

/* Begin PBXShellScriptBuildPhase section */
		41510FE029998E281C671E8E /* [CP] Embed Pods Frameworks */ = {
			isa = PBXShellScriptBuildPhase;
			buildActionMask = 2147483647;
			files = (
			);
			inputFileListPaths = (
				"${PODS_ROOT}/Target Support Files/Pods-Twitter/Pods-Twitter-frameworks-${CONFIGURATION}-input-files.xcfilelist",
			);
			name = "[CP] Embed Pods Frameworks";
			outputFileListPaths = (
				"${PODS_ROOT}/Target Support Files/Pods-Twitter/Pods-Twitter-frameworks-${CONFIGURATION}-output-files.xcfilelist",
			);
			runOnlyForDeploymentPostprocessing = 0;
			shellPath = /bin/sh;
			shellScript = "\"${PODS_ROOT}/Target Support Files/Pods-Twitter/Pods-Twitter-frameworks.sh\"\n";
			showEnvVarsInLog = 0;
		};
		EA83A52A5A5EDFFE788212AC /* [CP] Check Pods Manifest.lock */ = {
			isa = PBXShellScriptBuildPhase;
			buildActionMask = 2147483647;
			files = (
			);
			inputFileListPaths = (
			);
			inputPaths = (
				"${PODS_PODFILE_DIR_PATH}/Podfile.lock",
				"${PODS_ROOT}/Manifest.lock",
			);
			name = "[CP] Check Pods Manifest.lock";
			outputFileListPaths = (
			);
			outputPaths = (
				"$(DERIVED_FILE_DIR)/Pods-Twitter-checkManifestLockResult.txt",
			);
			runOnlyForDeploymentPostprocessing = 0;
			shellPath = /bin/sh;
			shellScript = "diff \"${PODS_PODFILE_DIR_PATH}/Podfile.lock\" \"${PODS_ROOT}/Manifest.lock\" > /dev/null\nif [ $? != 0 ] ; then\n    # print error to STDERR\n    echo \"error: The sandbox is not in sync with the Podfile.lock. Run 'pod install' or update your CocoaPods installation.\" >&2\n    exit 1\nfi\n# This output is used by Xcode 'outputs' to avoid re-running this script phase.\necho \"SUCCESS\" > \"${SCRIPT_OUTPUT_FILE_0}\"\n";
			showEnvVarsInLog = 0;
		};
/* End PBXShellScriptBuildPhase section */

/* Begin PBXSourcesBuildPhase section */
		138886C5261F848500BA8155 /* Sources */ = {
			isa = PBXSourcesBuildPhase;
			buildActionMask = 2147483647;
			files = (
				13B458B62620847A001763C8 /* LoginViewController.swift in Sources */,
				13B458B326207F7F001763C8 /* Constants.swift in Sources */,
				138886D1261F848500BA8155 /* RegisterViewController.swift in Sources */,
				13B458F92620BCA2001763C8 /* Tweet.swift in Sources */,
				138886CD261F848500BA8155 /* AppDelegate.swift in Sources */,
				13B458B926208617001763C8 /* HomeViewController.swift in Sources */,
				13B458BC26208808001763C8 /* ProfileViewController.swift in Sources */,
				138886CF261F848500BA8155 /* SceneDelegate.swift in Sources */,
				13B458F52620B812001763C8 /* TweetTableViewCell.swift in Sources */,
			);
			runOnlyForDeploymentPostprocessing = 0;
		};
/* End PBXSourcesBuildPhase section */

/* Begin PBXVariantGroup section */
		138886D2261F848500BA8155 /* Main.storyboard */ = {
			isa = PBXVariantGroup;
			children = (
				138886D3261F848500BA8155 /* Base */,
			);
			name = Main.storyboard;
			sourceTree = "<group>";
		};
		138886D7261F848900BA8155 /* LaunchScreen.storyboard */ = {
			isa = PBXVariantGroup;
			children = (
				138886D8261F848900BA8155 /* Base */,
			);
			name = LaunchScreen.storyboard;
			sourceTree = "<group>";
		};
/* End PBXVariantGroup section */

/* Begin XCBuildConfiguration section */
		138886DB261F848900BA8155 /* Debug */ = {
			isa = XCBuildConfiguration;
			buildSettings = {
				ALWAYS_SEARCH_USER_PATHS = NO;
				CLANG_ANALYZER_NONNULL = YES;
				CLANG_ANALYZER_NUMBER_OBJECT_CONVERSION = YES_AGGRESSIVE;
				CLANG_CXX_LANGUAGE_STANDARD = "gnu++14";
				CLANG_CXX_LIBRARY = "libc++";
				CLANG_ENABLE_MODULES = YES;
				CLANG_ENABLE_OBJC_ARC = YES;
				CLANG_ENABLE_OBJC_WEAK = YES;
				CLANG_WARN_BLOCK_CAPTURE_AUTORELEASING = YES;
				CLANG_WARN_BOOL_CONVERSION = YES;
				CLANG_WARN_COMMA = YES;
				CLANG_WARN_CONSTANT_CONVERSION = YES;
				CLANG_WARN_DEPRECATED_OBJC_IMPLEMENTATIONS = YES;
				CLANG_WARN_DIRECT_OBJC_ISA_USAGE = YES_ERROR;
				CLANG_WARN_DOCUMENTATION_COMMENTS = YES;
				CLANG_WARN_EMPTY_BODY = YES;
				CLANG_WARN_ENUM_CONVERSION = YES;
				CLANG_WARN_INFINITE_RECURSION = YES;
				CLANG_WARN_INT_CONVERSION = YES;
				CLANG_WARN_NON_LITERAL_NULL_CONVERSION = YES;
				CLANG_WARN_OBJC_IMPLICIT_RETAIN_SELF = YES;
				CLANG_WARN_OBJC_LITERAL_CONVERSION = YES;
				CLANG_WARN_OBJC_ROOT_CLASS = YES_ERROR;
				CLANG_WARN_QUOTED_INCLUDE_IN_FRAMEWORK_HEADER = YES;
				CLANG_WARN_RANGE_LOOP_ANALYSIS = YES;
				CLANG_WARN_STRICT_PROTOTYPES = YES;
				CLANG_WARN_SUSPICIOUS_MOVE = YES;
				CLANG_WARN_UNGUARDED_AVAILABILITY = YES_AGGRESSIVE;
				CLANG_WARN_UNREACHABLE_CODE = YES;
				CLANG_WARN__DUPLICATE_METHOD_MATCH = YES;
				COPY_PHASE_STRIP = NO;
				DEBUG_INFORMATION_FORMAT = dwarf;
				ENABLE_STRICT_OBJC_MSGSEND = YES;
				ENABLE_TESTABILITY = YES;
				GCC_C_LANGUAGE_STANDARD = gnu11;
				GCC_DYNAMIC_NO_PIC = NO;
				GCC_NO_COMMON_BLOCKS = YES;
				GCC_OPTIMIZATION_LEVEL = 0;
				GCC_PREPROCESSOR_DEFINITIONS = (
					"DEBUG=1",
					"$(inherited)",
				);
				GCC_WARN_64_TO_32_BIT_CONVERSION = YES;
				GCC_WARN_ABOUT_RETURN_TYPE = YES_ERROR;
				GCC_WARN_UNDECLARED_SELECTOR = YES;
				GCC_WARN_UNINITIALIZED_AUTOS = YES_AGGRESSIVE;
				GCC_WARN_UNUSED_FUNCTION = YES;
				GCC_WARN_UNUSED_VARIABLE = YES;
				IPHONEOS_DEPLOYMENT_TARGET = 14.3;
				MTL_ENABLE_DEBUG_INFO = INCLUDE_SOURCE;
				MTL_FAST_MATH = YES;
				ONLY_ACTIVE_ARCH = YES;
				SDKROOT = iphoneos;
				SWIFT_ACTIVE_COMPILATION_CONDITIONS = DEBUG;
				SWIFT_OPTIMIZATION_LEVEL = "-Onone";
			};
			name = Debug;
		};
		138886DC261F848900BA8155 /* Release */ = {
			isa = XCBuildConfiguration;
			buildSettings = {
				ALWAYS_SEARCH_USER_PATHS = NO;
				CLANG_ANALYZER_NONNULL = YES;
				CLANG_ANALYZER_NUMBER_OBJECT_CONVERSION = YES_AGGRESSIVE;
				CLANG_CXX_LANGUAGE_STANDARD = "gnu++14";
				CLANG_CXX_LIBRARY = "libc++";
				CLANG_ENABLE_MODULES = YES;
				CLANG_ENABLE_OBJC_ARC = YES;
				CLANG_ENABLE_OBJC_WEAK = YES;
				CLANG_WARN_BLOCK_CAPTURE_AUTORELEASING = YES;
				CLANG_WARN_BOOL_CONVERSION = YES;
				CLANG_WARN_COMMA = YES;
				CLANG_WARN_CONSTANT_CONVERSION = YES;
				CLANG_WARN_DEPRECATED_OBJC_IMPLEMENTATIONS = YES;
				CLANG_WARN_DIRECT_OBJC_ISA_USAGE = YES_ERROR;
				CLANG_WARN_DOCUMENTATION_COMMENTS = YES;
				CLANG_WARN_EMPTY_BODY = YES;
				CLANG_WARN_ENUM_CONVERSION = YES;
				CLANG_WARN_INFINITE_RECURSION = YES;
				CLANG_WARN_INT_CONVERSION = YES;
				CLANG_WARN_NON_LITERAL_NULL_CONVERSION = YES;
				CLANG_WARN_OBJC_IMPLICIT_RETAIN_SELF = YES;
				CLANG_WARN_OBJC_LITERAL_CONVERSION = YES;
				CLANG_WARN_OBJC_ROOT_CLASS = YES_ERROR;
				CLANG_WARN_QUOTED_INCLUDE_IN_FRAMEWORK_HEADER = YES;
				CLANG_WARN_RANGE_LOOP_ANALYSIS = YES;
				CLANG_WARN_STRICT_PROTOTYPES = YES;
				CLANG_WARN_SUSPICIOUS_MOVE = YES;
				CLANG_WARN_UNGUARDED_AVAILABILITY = YES_AGGRESSIVE;
				CLANG_WARN_UNREACHABLE_CODE = YES;
				CLANG_WARN__DUPLICATE_METHOD_MATCH = YES;
				COPY_PHASE_STRIP = NO;
				DEBUG_INFORMATION_FORMAT = "dwarf-with-dsym";
				ENABLE_NS_ASSERTIONS = NO;
				ENABLE_STRICT_OBJC_MSGSEND = YES;
				GCC_C_LANGUAGE_STANDARD = gnu11;
				GCC_NO_COMMON_BLOCKS = YES;
				GCC_WARN_64_TO_32_BIT_CONVERSION = YES;
				GCC_WARN_ABOUT_RETURN_TYPE = YES_ERROR;
				GCC_WARN_UNDECLARED_SELECTOR = YES;
				GCC_WARN_UNINITIALIZED_AUTOS = YES_AGGRESSIVE;
				GCC_WARN_UNUSED_FUNCTION = YES;
				GCC_WARN_UNUSED_VARIABLE = YES;
				IPHONEOS_DEPLOYMENT_TARGET = 14.3;
				MTL_ENABLE_DEBUG_INFO = NO;
				MTL_FAST_MATH = YES;
				SDKROOT = iphoneos;
				SWIFT_COMPILATION_MODE = wholemodule;
				SWIFT_OPTIMIZATION_LEVEL = "-O";
				VALIDATE_PRODUCT = YES;
			};
			name = Release;
		};
		138886DE261F848900BA8155 /* Debug */ = {
			isa = XCBuildConfiguration;
			baseConfigurationReference = 26B0E9601DB97861F28D2D86 /* Pods-Twitter.debug.xcconfig */;
			buildSettings = {
				ASSETCATALOG_COMPILER_APPICON_NAME = AppIcon;
				ASSETCATALOG_COMPILER_GLOBAL_ACCENT_COLOR_NAME = AccentColor;
				CODE_SIGN_STYLE = Automatic;
				DEVELOPMENT_TEAM = D49586A22K;
				INFOPLIST_FILE = Twitter/Info.plist;
				LD_RUNPATH_SEARCH_PATHS = (
					"$(inherited)",
					"@executable_path/Frameworks",
				);
				PRODUCT_BUNDLE_IDENTIFIER = com.meruyerttass.Twitter;
				PRODUCT_NAME = "$(TARGET_NAME)";
				SWIFT_VERSION = 5.0;
				TARGETED_DEVICE_FAMILY = "1,2";
			};
			name = Debug;
		};
		138886DF261F848900BA8155 /* Release */ = {
			isa = XCBuildConfiguration;
			baseConfigurationReference = DB38E9CB6ACD24194A88B017 /* Pods-Twitter.release.xcconfig */;
			buildSettings = {
				ASSETCATALOG_COMPILER_APPICON_NAME = AppIcon;
				ASSETCATALOG_COMPILER_GLOBAL_ACCENT_COLOR_NAME = AccentColor;
				CODE_SIGN_STYLE = Automatic;
				DEVELOPMENT_TEAM = D49586A22K;
				INFOPLIST_FILE = Twitter/Info.plist;
				LD_RUNPATH_SEARCH_PATHS = (
					"$(inherited)",
					"@executable_path/Frameworks",
				);
				PRODUCT_BUNDLE_IDENTIFIER = com.meruyerttass.Twitter;
				PRODUCT_NAME = "$(TARGET_NAME)";
				SWIFT_VERSION = 5.0;
				TARGETED_DEVICE_FAMILY = "1,2";
			};
			name = Release;
		};
/* End XCBuildConfiguration section */

/* Begin XCConfigurationList section */
		138886C4261F848500BA8155 /* Build configuration list for PBXProject "Twitter" */ = {
			isa = XCConfigurationList;
			buildConfigurations = (
				138886DB261F848900BA8155 /* Debug */,
				138886DC261F848900BA8155 /* Release */,
			);
			defaultConfigurationIsVisible = 0;
			defaultConfigurationName = Release;
		};
		138886DD261F848900BA8155 /* Build configuration list for PBXNativeTarget "Twitter" */ = {
			isa = XCConfigurationList;
			buildConfigurations = (
				138886DE261F848900BA8155 /* Debug */,
				138886DF261F848900BA8155 /* Release */,
			);
			defaultConfigurationIsVisible = 0;
			defaultConfigurationName = Release;
		};
/* End XCConfigurationList section */
	};
	rootObject = 138886C1261F848500BA8155 /* Project object */;
}
